// !$*UTF8*$!
{
	archiveVersion = 1;
	classes = {
	};
	objectVersion = 46;
	objects = {

/* Begin PBXBuildFile section */
		B81AA283199015C4003028EB /* UIResponder+KeyboardCache.m in Sources */ = {isa = PBXBuildFile; fileRef = B81AA282199015C4003028EB /* UIResponder+KeyboardCache.m */; };
		B81AA286199016A8003028EB /* LocalizationSystem.m in Sources */ = {isa = PBXBuildFile; fileRef = B81AA285199016A8003028EB /* LocalizationSystem.m */; };
		B81AA294199019AF003028EB /* Localizable.strings in Resources */ = {isa = PBXBuildFile; fileRef = B81AA296199019AF003028EB /* Localizable.strings */; };
		B81AA2A1199026E6003028EB /* NSUserDefaultControls.m in Sources */ = {isa = PBXBuildFile; fileRef = B81AA29E199026E6003028EB /* NSUserDefaultControls.m */; };
		B81AA2A2199026E6003028EB /* GeneralControl.m in Sources */ = {isa = PBXBuildFile; fileRef = B81AA2A0199026E6003028EB /* GeneralControl.m */; };
		B81AA2A9199027B4003028EB /* UIAlertView+Blocks.m in Sources */ = {isa = PBXBuildFile; fileRef = B81AA2A4199027B4003028EB /* UIAlertView+Blocks.m */; };
		B81AA2AA199027B4003028EB /* edi_md5.m in Sources */ = {isa = PBXBuildFile; fileRef = B81AA2A6199027B4003028EB /* edi_md5.m */; };
		B81AA2AB199027B4003028EB /* UIImage+ImageEffects.m in Sources */ = {isa = PBXBuildFile; fileRef = B81AA2A8199027B4003028EB /* UIImage+ImageEffects.m */; };
		B81AA2AE19902E29003028EB /* User.m in Sources */ = {isa = PBXBuildFile; fileRef = B81AA2AD19902E29003028EB /* User.m */; };
		B81AA2B2199062FE003028EB /* UIButton+ResponsiveInteraction.m in Sources */ = {isa = PBXBuildFile; fileRef = B81AA2B1199062FE003028EB /* UIButton+ResponsiveInteraction.m */; };
		B81AA2B519906331003028EB /* UIColor+flat.m in Sources */ = {isa = PBXBuildFile; fileRef = B81AA2B419906331003028EB /* UIColor+flat.m */; };
		B81AA2B819906403003028EB /* FeBasicAnimationBlock.m in Sources */ = {isa = PBXBuildFile; fileRef = B81AA2B719906403003028EB /* FeBasicAnimationBlock.m */; };
		B81AA2BB19907823003028EB /* LoadingAnimation.m in Sources */ = {isa = PBXBuildFile; fileRef = B81AA2BA19907823003028EB /* LoadingAnimation.m */; };
		B81AA2C619912FD4003028EB /* bgProfile.png in Resources */ = {isa = PBXBuildFile; fileRef = B81AA2C419912FD4003028EB /* bgProfile.png */; };
		B81AA2C719912FD4003028EB /* bgLogin.png in Resources */ = {isa = PBXBuildFile; fileRef = B81AA2C519912FD4003028EB /* bgLogin.png */; };
		B878EE911953BA1A00C43583 /* phone_01.png in Resources */ = {isa = PBXBuildFile; fileRef = B878EE8F1953BA1A00C43583 /* phone_01.png */; };
		B878EE921953BA1A00C43583 /* phone_01@2x.png in Resources */ = {isa = PBXBuildFile; fileRef = B878EE901953BA1A00C43583 /* phone_01@2x.png */; };
		B878EE951953BB1500C43583 /* plan_01.png in Resources */ = {isa = PBXBuildFile; fileRef = B878EE931953BB1500C43583 /* plan_01.png */; };
		B878EE961953BB1500C43583 /* plan_01@2x.png in Resources */ = {isa = PBXBuildFile; fileRef = B878EE941953BB1500C43583 /* plan_01@2x.png */; };
		B878EE9D1953BBBD00C43583 /* id_01.png in Resources */ = {isa = PBXBuildFile; fileRef = B878EE971953BBBD00C43583 /* id_01.png */; };
		B878EE9E1953BBBD00C43583 /* id_01@2x.png in Resources */ = {isa = PBXBuildFile; fileRef = B878EE981953BBBD00C43583 /* id_01@2x.png */; };
		B878EE9F1953BBBD00C43583 /* info_01.png in Resources */ = {isa = PBXBuildFile; fileRef = B878EE991953BBBD00C43583 /* info_01.png */; };
		B878EEA01953BBBD00C43583 /* info_01@2x.png in Resources */ = {isa = PBXBuildFile; fileRef = B878EE9A1953BBBD00C43583 /* info_01@2x.png */; };
		B878EEA11953BBBD00C43583 /* heart_01.png in Resources */ = {isa = PBXBuildFile; fileRef = B878EE9B1953BBBD00C43583 /* heart_01.png */; };
		B878EEA21953BBBD00C43583 /* heart_01@2x.png in Resources */ = {isa = PBXBuildFile; fileRef = B878EE9C1953BBBD00C43583 /* heart_01@2x.png */; };
		B878EEA51953D52000C43583 /* RQShineLabel.m in Sources */ = {isa = PBXBuildFile; fileRef = B878EEA41953D52000C43583 /* RQShineLabel.m */; };
		B878EEA81953E30700C43583 /* back_01.png in Resources */ = {isa = PBXBuildFile; fileRef = B878EEA61953E30700C43583 /* back_01.png */; };
		B878EEA91953E30700C43583 /* back_01@2x.png in Resources */ = {isa = PBXBuildFile; fileRef = B878EEA71953E30700C43583 /* back_01@2x.png */; };
		B878EEAC1953E54A00C43583 /* AnimateLabel.m in Sources */ = {isa = PBXBuildFile; fileRef = B878EEAB1953E54A00C43583 /* AnimateLabel.m */; };
		B89CC7FE199D933D004FEB7A /* ProfileViewController.m in Sources */ = {isa = PBXBuildFile; fileRef = B89CC7FD199D933D004FEB7A /* ProfileViewController.m */; };
		B89CC805199D934E004FEB7A /* EDB_tutorial.png in Resources */ = {isa = PBXBuildFile; fileRef = B89CC802199D934E004FEB7A /* EDB_tutorial.png */; };
		B89CC806199D934E004FEB7A /* EDB_language.png in Resources */ = {isa = PBXBuildFile; fileRef = B89CC803199D934E004FEB7A /* EDB_language.png */; };
		B89CC807199D934E004FEB7A /* EDB_aboutus.png in Resources */ = {isa = PBXBuildFile; fileRef = B89CC804199D934E004FEB7A /* EDB_aboutus.png */; };
		B89CC80A199D9358004FEB7A /* SecondViewController.m in Sources */ = {isa = PBXBuildFile; fileRef = B89CC809199D9358004FEB7A /* SecondViewController.m */; };
		B89CC810199D937F004FEB7A /* ProfileCell.m in Sources */ = {isa = PBXBuildFile; fileRef = B89CC80D199D937F004FEB7A /* ProfileCell.m */; };
		B89CC811199D937F004FEB7A /* EDCollectionCell.m in Sources */ = {isa = PBXBuildFile; fileRef = B89CC80F199D937F004FEB7A /* EDCollectionCell.m */; };
		B89CC816199D9392004FEB7A /* dragViewBehavior.m in Sources */ = {isa = PBXBuildFile; fileRef = B89CC815199D9392004FEB7A /* dragViewBehavior.m */; };
		B89CC819199D95E2004FEB7A /* helloViewController.m in Sources */ = {isa = PBXBuildFile; fileRef = B89CC818199D95E2004FEB7A /* helloViewController.m */; };
		B89CC81F199D9674004FEB7A /* smallLayout.m in Sources */ = {isa = PBXBuildFile; fileRef = B89CC81C199D9674004FEB7A /* smallLayout.m */; };
		B89CC820199D9674004FEB7A /* largeLayout.m in Sources */ = {isa = PBXBuildFile; fileRef = B89CC81E199D9674004FEB7A /* largeLayout.m */; };
		B89CC827199DBFC2004FEB7A /* HaoWindow.m in Sources */ = {isa = PBXBuildFile; fileRef = B89CC826199DBFC2004FEB7A /* HaoWindow.m */; };
		B89CC82F199E93D3004FEB7A /* notifyWindow.m in Sources */ = {isa = PBXBuildFile; fileRef = B89CC82E199E93D3004FEB7A /* notifyWindow.m */; };
		B8A420AB198FD1D500D77DFB /* Parse.framework in Frameworks */ = {isa = PBXBuildFile; fileRef = B8A420AA198FD1D500D77DFB /* Parse.framework */; };
		B8A420AD198FD21300D77DFB /* AudioToolbox.framework in Frameworks */ = {isa = PBXBuildFile; fileRef = B8A420AC198FD21300D77DFB /* AudioToolbox.framework */; };
		B8A420AF198FD21900D77DFB /* CFNetwork.framework in Frameworks */ = {isa = PBXBuildFile; fileRef = B8A420AE198FD21900D77DFB /* CFNetwork.framework */; };
		B8A420B1198FD22400D77DFB /* CoreLocation.framework in Frameworks */ = {isa = PBXBuildFile; fileRef = B8A420B0198FD22400D77DFB /* CoreLocation.framework */; };
		B8A420B3198FD22F00D77DFB /* libz.dylib in Frameworks */ = {isa = PBXBuildFile; fileRef = B8A420B2198FD22F00D77DFB /* libz.dylib */; };
		B8A420B5198FD23600D77DFB /* MobileCoreServices.framework in Frameworks */ = {isa = PBXBuildFile; fileRef = B8A420B4198FD23600D77DFB /* MobileCoreServices.framework */; };
		B8A420B7198FD23C00D77DFB /* QuartzCore.framework in Frameworks */ = {isa = PBXBuildFile; fileRef = B8A420B6198FD23C00D77DFB /* QuartzCore.framework */; };
		B8A420B9198FD24100D77DFB /* Security.framework in Frameworks */ = {isa = PBXBuildFile; fileRef = B8A420B8198FD24100D77DFB /* Security.framework */; };
		B8A420BB198FD24900D77DFB /* StoreKit.framework in Frameworks */ = {isa = PBXBuildFile; fileRef = B8A420BA198FD24900D77DFB /* StoreKit.framework */; };
		B8A420BD198FD25100D77DFB /* SystemConfiguration.framework in Frameworks */ = {isa = PBXBuildFile; fileRef = B8A420BC198FD25100D77DFB /* SystemConfiguration.framework */; };
		B8A420C8198FD66F00D77DFB /* FormValidator.m in Sources */ = {isa = PBXBuildFile; fileRef = B8A420C6198FD66E00D77DFB /* FormValidator.m */; };
		B8B0F4D11952902500BE6929 /* Foundation.framework in Frameworks */ = {isa = PBXBuildFile; fileRef = B8B0F4D01952902500BE6929 /* Foundation.framework */; };
		B8B0F4D31952902500BE6929 /* CoreGraphics.framework in Frameworks */ = {isa = PBXBuildFile; fileRef = B8B0F4D21952902500BE6929 /* CoreGraphics.framework */; };
		B8B0F4D51952902500BE6929 /* UIKit.framework in Frameworks */ = {isa = PBXBuildFile; fileRef = B8B0F4D41952902500BE6929 /* UIKit.framework */; };
		B8B0F4DB1952902500BE6929 /* InfoPlist.strings in Resources */ = {isa = PBXBuildFile; fileRef = B8B0F4D91952902500BE6929 /* InfoPlist.strings */; };
		B8B0F4DD1952902500BE6929 /* main.m in Sources */ = {isa = PBXBuildFile; fileRef = B8B0F4DC1952902500BE6929 /* main.m */; };
		B8B0F4E11952902500BE6929 /* AppDelegate.m in Sources */ = {isa = PBXBuildFile; fileRef = B8B0F4E01952902500BE6929 /* AppDelegate.m */; };
		B8B0F4E41952902500BE6929 /* Main.storyboard in Resources */ = {isa = PBXBuildFile; fileRef = B8B0F4E21952902500BE6929 /* Main.storyboard */; };
		B8B0F4E91952902600BE6929 /* Images.xcassets in Resources */ = {isa = PBXBuildFile; fileRef = B8B0F4E81952902600BE6929 /* Images.xcassets */; };
		B8B0F4F01952902600BE6929 /* XCTest.framework in Frameworks */ = {isa = PBXBuildFile; fileRef = B8B0F4EF1952902600BE6929 /* XCTest.framework */; };
		B8B0F4F11952902600BE6929 /* Foundation.framework in Frameworks */ = {isa = PBXBuildFile; fileRef = B8B0F4D01952902500BE6929 /* Foundation.framework */; };
		B8B0F4F21952902600BE6929 /* UIKit.framework in Frameworks */ = {isa = PBXBuildFile; fileRef = B8B0F4D41952902500BE6929 /* UIKit.framework */; };
		B8B0F4FA1952902600BE6929 /* InfoPlist.strings in Resources */ = {isa = PBXBuildFile; fileRef = B8B0F4F81952902600BE6929 /* InfoPlist.strings */; };
		B8B0F4FC1952902600BE6929 /* MyPolicyCardTests.m in Sources */ = {isa = PBXBuildFile; fileRef = B8B0F4FB1952902600BE6929 /* MyPolicyCardTests.m */; };
		B8B0F50E1952905200BE6929 /* CardsOldViewController.m in Sources */ = {isa = PBXBuildFile; fileRef = B8B0F5071952905200BE6929 /* CardsOldViewController.m */; };
		B8B0F5101952905200BE6929 /* CollectionCell.m in Sources */ = {isa = PBXBuildFile; fileRef = B8B0F50B1952905200BE6929 /* CollectionCell.m */; };
		B8B0F5111952905200BE6929 /* CardFlowLayout.m in Sources */ = {isa = PBXBuildFile; fileRef = B8B0F50D1952905200BE6929 /* CardFlowLayout.m */; };
		B8B0F52419529BE800BE6929 /* LoginViewController.m in Sources */ = {isa = PBXBuildFile; fileRef = B8B0F52319529BE800BE6929 /* LoginViewController.m */; };
		B8B0F52B19529BEE00BE6929 /* lock.png in Resources */ = {isa = PBXBuildFile; fileRef = B8B0F52519529BEE00BE6929 /* lock.png */; };
		B8B0F52C19529BEE00BE6929 /* lock@2x.png in Resources */ = {isa = PBXBuildFile; fileRef = B8B0F52619529BEE00BE6929 /* lock@2x.png */; };
		B8B0F52D19529BEE00BE6929 /* user.png in Resources */ = {isa = PBXBuildFile; fileRef = B8B0F52719529BEE00BE6929 /* user.png */; };
		B8B0F52E19529BEE00BE6929 /* user@2x.png in Resources */ = {isa = PBXBuildFile; fileRef = B8B0F52819529BEE00BE6929 /* user@2x.png */; };
		B8B0F53619529EE300BE6929 /* UIButton+Bootstrap.m in Sources */ = {isa = PBXBuildFile; fileRef = B8B0F53519529EE300BE6929 /* UIButton+Bootstrap.m */; };
		B8B0F5391952A4A500BE6929 /* NSString+FontAwesome.m in Sources */ = {isa = PBXBuildFile; fileRef = B8B0F5381952A4A500BE6929 /* NSString+FontAwesome.m */; };
		B8B0F53C1953A23100BE6929 /* Carrier.m in Sources */ = {isa = PBXBuildFile; fileRef = B8B0F53B1953A23100BE6929 /* Carrier.m */; };
		B8B0F5441953A97A00BE6929 /* FBShimmeringView.m in Sources */ = {isa = PBXBuildFile; fileRef = B8B0F5411953A97A00BE6929 /* FBShimmeringView.m */; };
		B8B0F5451953A97A00BE6929 /* FBShimmeringLayer.m in Sources */ = {isa = PBXBuildFile; fileRef = B8B0F5431953A97A00BE6929 /* FBShimmeringLayer.m */; };
		B8B0F5481953B31000BE6929 /* LoadControls.m in Sources */ = {isa = PBXBuildFile; fileRef = B8B0F5471953B31000BE6929 /* LoadControls.m */; };
		B8C8F27D195D2F80009F8F6E /* google.png in Resources */ = {isa = PBXBuildFile; fileRef = B8C8F27B195D2F80009F8F6E /* google.png */; };
		B8C8F27E195D2F80009F8F6E /* MongoDB.png in Resources */ = {isa = PBXBuildFile; fileRef = B8C8F27C195D2F80009F8F6E /* MongoDB.png */; };
		B8C8F281195D31BF009F8F6E /* UILayers.m in Sources */ = {isa = PBXBuildFile; fileRef = B8C8F280195D31BF009F8F6E /* UILayers.m */; };
/* End PBXBuildFile section */

/* Begin PBXContainerItemProxy section */
		B8B0F4F31952902600BE6929 /* PBXContainerItemProxy */ = {
			isa = PBXContainerItemProxy;
			containerPortal = B8B0F4C51952902500BE6929 /* Project object */;
			proxyType = 1;
			remoteGlobalIDString = B8B0F4CC1952902500BE6929;
			remoteInfo = MyPolicyCard;
		};
/* End PBXContainerItemProxy section */

/* Begin PBXFileReference section */
		B81AA281199015C4003028EB /* UIResponder+KeyboardCache.h */ = {isa = PBXFileReference; fileEncoding = 4; lastKnownFileType = sourcecode.c.h; path = "UIResponder+KeyboardCache.h"; sourceTree = "<group>"; };
		B81AA282199015C4003028EB /* UIResponder+KeyboardCache.m */ = {isa = PBXFileReference; fileEncoding = 4; lastKnownFileType = sourcecode.c.objc; path = "UIResponder+KeyboardCache.m"; sourceTree = "<group>"; };
		B81AA284199016A8003028EB /* LocalizationSystem.h */ = {isa = PBXFileReference; fileEncoding = 4; lastKnownFileType = sourcecode.c.h; path = LocalizationSystem.h; sourceTree = "<group>"; };
		B81AA285199016A8003028EB /* LocalizationSystem.m */ = {isa = PBXFileReference; fileEncoding = 4; lastKnownFileType = sourcecode.c.objc; path = LocalizationSystem.m; sourceTree = "<group>"; };
		B81AA29719901B6E003028EB /* zh-Hans */ = {isa = PBXFileReference; lastKnownFileType = text.plist.strings; name = "zh-Hans"; path = "zh-Hans.lproj/Main.strings"; sourceTree = "<group>"; };
		B81AA29819901B6E003028EB /* zh-Hans */ = {isa = PBXFileReference; lastKnownFileType = text.plist.strings; name = "zh-Hans"; path = "zh-Hans.lproj/Localizable.strings"; sourceTree = "<group>"; };
		B81AA29919901B6E003028EB /* zh-Hans */ = {isa = PBXFileReference; lastKnownFileType = text.plist.strings; name = "zh-Hans"; path = "zh-Hans.lproj/InfoPlist.strings"; sourceTree = "<group>"; };
		B81AA29A19901B6E003028EB /* zh-Hans */ = {isa = PBXFileReference; lastKnownFileType = text.plist.strings; name = "zh-Hans"; path = "zh-Hans.lproj/InfoPlist.strings"; sourceTree = "<group>"; };
		B81AA29C19901BA8003028EB /* en */ = {isa = PBXFileReference; lastKnownFileType = text.plist.strings; name = en; path = en.lproj/Main.strings; sourceTree = "<group>"; };
		B81AA29D199026E6003028EB /* NSUserDefaultControls.h */ = {isa = PBXFileReference; fileEncoding = 4; lastKnownFileType = sourcecode.c.h; path = NSUserDefaultControls.h; sourceTree = "<group>"; };
		B81AA29E199026E6003028EB /* NSUserDefaultControls.m */ = {isa = PBXFileReference; fileEncoding = 4; lastKnownFileType = sourcecode.c.objc; path = NSUserDefaultControls.m; sourceTree = "<group>"; };
		B81AA29F199026E6003028EB /* GeneralControl.h */ = {isa = PBXFileReference; fileEncoding = 4; lastKnownFileType = sourcecode.c.h; path = GeneralControl.h; sourceTree = "<group>"; };
		B81AA2A0199026E6003028EB /* GeneralControl.m */ = {isa = PBXFileReference; fileEncoding = 4; lastKnownFileType = sourcecode.c.objc; path = GeneralControl.m; sourceTree = "<group>"; };
		B81AA2A3199027B4003028EB /* UIAlertView+Blocks.h */ = {isa = PBXFileReference; fileEncoding = 4; lastKnownFileType = sourcecode.c.h; path = "UIAlertView+Blocks.h"; sourceTree = "<group>"; };
		B81AA2A4199027B4003028EB /* UIAlertView+Blocks.m */ = {isa = PBXFileReference; fileEncoding = 4; lastKnownFileType = sourcecode.c.objc; path = "UIAlertView+Blocks.m"; sourceTree = "<group>"; };
		B81AA2A5199027B4003028EB /* edi_md5.h */ = {isa = PBXFileReference; fileEncoding = 4; lastKnownFileType = sourcecode.c.h; path = edi_md5.h; sourceTree = "<group>"; };
		B81AA2A6199027B4003028EB /* edi_md5.m */ = {isa = PBXFileReference; fileEncoding = 4; lastKnownFileType = sourcecode.c.objc; path = edi_md5.m; sourceTree = "<group>"; };
		B81AA2A7199027B4003028EB /* UIImage+ImageEffects.h */ = {isa = PBXFileReference; fileEncoding = 4; lastKnownFileType = sourcecode.c.h; path = "UIImage+ImageEffects.h"; sourceTree = "<group>"; };
		B81AA2A8199027B4003028EB /* UIImage+ImageEffects.m */ = {isa = PBXFileReference; fileEncoding = 4; lastKnownFileType = sourcecode.c.objc; path = "UIImage+ImageEffects.m"; sourceTree = "<group>"; };
		B81AA2AC19902E29003028EB /* User.h */ = {isa = PBXFileReference; fileEncoding = 4; lastKnownFileType = sourcecode.c.h; path = User.h; sourceTree = "<group>"; };
		B81AA2AD19902E29003028EB /* User.m */ = {isa = PBXFileReference; fileEncoding = 4; lastKnownFileType = sourcecode.c.objc; path = User.m; sourceTree = "<group>"; };
		B81AA2AF199034CA003028EB /* en */ = {isa = PBXFileReference; lastKnownFileType = text.plist.strings; name = en; path = en.lproj/Localizable.strings; sourceTree = "<group>"; };
		B81AA2B0199062FE003028EB /* UIButton+ResponsiveInteraction.h */ = {isa = PBXFileReference; fileEncoding = 4; lastKnownFileType = sourcecode.c.h; path = "UIButton+ResponsiveInteraction.h"; sourceTree = "<group>"; };
		B81AA2B1199062FE003028EB /* UIButton+ResponsiveInteraction.m */ = {isa = PBXFileReference; fileEncoding = 4; lastKnownFileType = sourcecode.c.objc; path = "UIButton+ResponsiveInteraction.m"; sourceTree = "<group>"; };
		B81AA2B319906331003028EB /* UIColor+flat.h */ = {isa = PBXFileReference; fileEncoding = 4; lastKnownFileType = sourcecode.c.h; path = "UIColor+flat.h"; sourceTree = "<group>"; };
		B81AA2B419906331003028EB /* UIColor+flat.m */ = {isa = PBXFileReference; fileEncoding = 4; lastKnownFileType = sourcecode.c.objc; path = "UIColor+flat.m"; sourceTree = "<group>"; };
		B81AA2B619906403003028EB /* FeBasicAnimationBlock.h */ = {isa = PBXFileReference; fileEncoding = 4; lastKnownFileType = sourcecode.c.h; path = FeBasicAnimationBlock.h; sourceTree = "<group>"; };
		B81AA2B719906403003028EB /* FeBasicAnimationBlock.m */ = {isa = PBXFileReference; fileEncoding = 4; lastKnownFileType = sourcecode.c.objc; path = FeBasicAnimationBlock.m; sourceTree = "<group>"; };
		B81AA2B919907822003028EB /* LoadingAnimation.h */ = {isa = PBXFileReference; fileEncoding = 4; lastKnownFileType = sourcecode.c.h; path = LoadingAnimation.h; sourceTree = "<group>"; };
		B81AA2BA19907823003028EB /* LoadingAnimation.m */ = {isa = PBXFileReference; fileEncoding = 4; lastKnownFileType = sourcecode.c.objc; path = LoadingAnimation.m; sourceTree = "<group>"; };
		B81AA2C419912FD4003028EB /* bgProfile.png */ = {isa = PBXFileReference; lastKnownFileType = image.png; path = bgProfile.png; sourceTree = "<group>"; };
		B81AA2C519912FD4003028EB /* bgLogin.png */ = {isa = PBXFileReference; lastKnownFileType = image.png; path = bgLogin.png; sourceTree = "<group>"; };
		B878EE8F1953BA1A00C43583 /* phone_01.png */ = {isa = PBXFileReference; lastKnownFileType = image.png; path = phone_01.png; sourceTree = "<group>"; };
		B878EE901953BA1A00C43583 /* phone_01@2x.png */ = {isa = PBXFileReference; lastKnownFileType = image.png; path = "phone_01@2x.png"; sourceTree = "<group>"; };
		B878EE931953BB1500C43583 /* plan_01.png */ = {isa = PBXFileReference; lastKnownFileType = image.png; path = plan_01.png; sourceTree = "<group>"; };
		B878EE941953BB1500C43583 /* plan_01@2x.png */ = {isa = PBXFileReference; lastKnownFileType = image.png; path = "plan_01@2x.png"; sourceTree = "<group>"; };
		B878EE971953BBBD00C43583 /* id_01.png */ = {isa = PBXFileReference; lastKnownFileType = image.png; path = id_01.png; sourceTree = "<group>"; };
		B878EE981953BBBD00C43583 /* id_01@2x.png */ = {isa = PBXFileReference; lastKnownFileType = image.png; path = "id_01@2x.png"; sourceTree = "<group>"; };
		B878EE991953BBBD00C43583 /* info_01.png */ = {isa = PBXFileReference; lastKnownFileType = image.png; path = info_01.png; sourceTree = "<group>"; };
		B878EE9A1953BBBD00C43583 /* info_01@2x.png */ = {isa = PBXFileReference; lastKnownFileType = image.png; path = "info_01@2x.png"; sourceTree = "<group>"; };
		B878EE9B1953BBBD00C43583 /* heart_01.png */ = {isa = PBXFileReference; lastKnownFileType = image.png; path = heart_01.png; sourceTree = "<group>"; };
		B878EE9C1953BBBD00C43583 /* heart_01@2x.png */ = {isa = PBXFileReference; lastKnownFileType = image.png; path = "heart_01@2x.png"; sourceTree = "<group>"; };
		B878EEA31953D52000C43583 /* RQShineLabel.h */ = {isa = PBXFileReference; fileEncoding = 4; lastKnownFileType = sourcecode.c.h; path = RQShineLabel.h; sourceTree = "<group>"; };
		B878EEA41953D52000C43583 /* RQShineLabel.m */ = {isa = PBXFileReference; fileEncoding = 4; lastKnownFileType = sourcecode.c.objc; path = RQShineLabel.m; sourceTree = "<group>"; };
		B878EEA61953E30700C43583 /* back_01.png */ = {isa = PBXFileReference; lastKnownFileType = image.png; path = back_01.png; sourceTree = "<group>"; };
		B878EEA71953E30700C43583 /* back_01@2x.png */ = {isa = PBXFileReference; lastKnownFileType = image.png; path = "back_01@2x.png"; sourceTree = "<group>"; };
		B878EEAA1953E54A00C43583 /* AnimateLabel.h */ = {isa = PBXFileReference; fileEncoding = 4; lastKnownFileType = sourcecode.c.h; path = AnimateLabel.h; sourceTree = "<group>"; };
		B878EEAB1953E54A00C43583 /* AnimateLabel.m */ = {isa = PBXFileReference; fileEncoding = 4; lastKnownFileType = sourcecode.c.objc; path = AnimateLabel.m; sourceTree = "<group>"; };
		B89CC7FC199D933D004FEB7A /* ProfileViewController.h */ = {isa = PBXFileReference; fileEncoding = 4; lastKnownFileType = sourcecode.c.h; path = ProfileViewController.h; sourceTree = "<group>"; };
		B89CC7FD199D933D004FEB7A /* ProfileViewController.m */ = {isa = PBXFileReference; fileEncoding = 4; lastKnownFileType = sourcecode.c.objc; path = ProfileViewController.m; sourceTree = "<group>"; };
		B89CC802199D934E004FEB7A /* EDB_tutorial.png */ = {isa = PBXFileReference; lastKnownFileType = image.png; path = EDB_tutorial.png; sourceTree = "<group>"; };
		B89CC803199D934E004FEB7A /* EDB_language.png */ = {isa = PBXFileReference; lastKnownFileType = image.png; path = EDB_language.png; sourceTree = "<group>"; };
		B89CC804199D934E004FEB7A /* EDB_aboutus.png */ = {isa = PBXFileReference; lastKnownFileType = image.png; path = EDB_aboutus.png; sourceTree = "<group>"; };
		B89CC808199D9358004FEB7A /* SecondViewController.h */ = {isa = PBXFileReference; fileEncoding = 4; lastKnownFileType = sourcecode.c.h; path = SecondViewController.h; sourceTree = "<group>"; };
		B89CC809199D9358004FEB7A /* SecondViewController.m */ = {isa = PBXFileReference; fileEncoding = 4; lastKnownFileType = sourcecode.c.objc; path = SecondViewController.m; sourceTree = "<group>"; };
		B89CC80C199D937F004FEB7A /* ProfileCell.h */ = {isa = PBXFileReference; fileEncoding = 4; lastKnownFileType = sourcecode.c.h; path = ProfileCell.h; sourceTree = "<group>"; };
		B89CC80D199D937F004FEB7A /* ProfileCell.m */ = {isa = PBXFileReference; fileEncoding = 4; lastKnownFileType = sourcecode.c.objc; path = ProfileCell.m; sourceTree = "<group>"; };
		B89CC80E199D937F004FEB7A /* EDCollectionCell.h */ = {isa = PBXFileReference; fileEncoding = 4; lastKnownFileType = sourcecode.c.h; path = EDCollectionCell.h; sourceTree = "<group>"; };
		B89CC80F199D937F004FEB7A /* EDCollectionCell.m */ = {isa = PBXFileReference; fileEncoding = 4; lastKnownFileType = sourcecode.c.objc; path = EDCollectionCell.m; sourceTree = "<group>"; };
		B89CC813199D9392004FEB7A /* draggableViewState.h */ = {isa = PBXFileReference; fileEncoding = 4; lastKnownFileType = sourcecode.c.h; path = draggableViewState.h; sourceTree = "<group>"; };
		B89CC814199D9392004FEB7A /* dragViewBehavior.h */ = {isa = PBXFileReference; fileEncoding = 4; lastKnownFileType = sourcecode.c.h; path = dragViewBehavior.h; sourceTree = "<group>"; };
		B89CC815199D9392004FEB7A /* dragViewBehavior.m */ = {isa = PBXFileReference; fileEncoding = 4; lastKnownFileType = sourcecode.c.objc; path = dragViewBehavior.m; sourceTree = "<group>"; };
		B89CC817199D95E2004FEB7A /* helloViewController.h */ = {isa = PBXFileReference; fileEncoding = 4; lastKnownFileType = sourcecode.c.h; path = helloViewController.h; sourceTree = "<group>"; };
		B89CC818199D95E2004FEB7A /* helloViewController.m */ = {isa = PBXFileReference; fileEncoding = 4; lastKnownFileType = sourcecode.c.objc; path = helloViewController.m; sourceTree = "<group>"; };
		B89CC81B199D9674004FEB7A /* smallLayout.h */ = {isa = PBXFileReference; fileEncoding = 4; lastKnownFileType = sourcecode.c.h; path = smallLayout.h; sourceTree = "<group>"; };
		B89CC81C199D9674004FEB7A /* smallLayout.m */ = {isa = PBXFileReference; fileEncoding = 4; lastKnownFileType = sourcecode.c.objc; path = smallLayout.m; sourceTree = "<group>"; };
		B89CC81D199D9674004FEB7A /* largeLayout.h */ = {isa = PBXFileReference; fileEncoding = 4; lastKnownFileType = sourcecode.c.h; path = largeLayout.h; sourceTree = "<group>"; };
		B89CC81E199D9674004FEB7A /* largeLayout.m */ = {isa = PBXFileReference; fileEncoding = 4; lastKnownFileType = sourcecode.c.objc; path = largeLayout.m; sourceTree = "<group>"; };
		B89CC825199DBFC2004FEB7A /* HaoWindow.h */ = {isa = PBXFileReference; fileEncoding = 4; lastKnownFileType = sourcecode.c.h; path = HaoWindow.h; sourceTree = "<group>"; };
		B89CC826199DBFC2004FEB7A /* HaoWindow.m */ = {isa = PBXFileReference; fileEncoding = 4; lastKnownFileType = sourcecode.c.objc; path = HaoWindow.m; sourceTree = "<group>"; };
		B89CC82D199E93D3004FEB7A /* notifyWindow.h */ = {isa = PBXFileReference; fileEncoding = 4; lastKnownFileType = sourcecode.c.h; path = notifyWindow.h; sourceTree = "<group>"; };
		B89CC82E199E93D3004FEB7A /* notifyWindow.m */ = {isa = PBXFileReference; fileEncoding = 4; lastKnownFileType = sourcecode.c.objc; path = notifyWindow.m; sourceTree = "<group>"; };
		B8A420AA198FD1D500D77DFB /* Parse.framework */ = {isa = PBXFileReference; lastKnownFileType = wrapper.framework; path = Parse.framework; sourceTree = "<group>"; };
		B8A420AC198FD21300D77DFB /* AudioToolbox.framework */ = {isa = PBXFileReference; lastKnownFileType = wrapper.framework; name = AudioToolbox.framework; path = System/Library/Frameworks/AudioToolbox.framework; sourceTree = SDKROOT; };
		B8A420AE198FD21900D77DFB /* CFNetwork.framework */ = {isa = PBXFileReference; lastKnownFileType = wrapper.framework; name = CFNetwork.framework; path = System/Library/Frameworks/CFNetwork.framework; sourceTree = SDKROOT; };
		B8A420B0198FD22400D77DFB /* CoreLocation.framework */ = {isa = PBXFileReference; lastKnownFileType = wrapper.framework; name = CoreLocation.framework; path = System/Library/Frameworks/CoreLocation.framework; sourceTree = SDKROOT; };
		B8A420B2198FD22F00D77DFB /* libz.dylib */ = {isa = PBXFileReference; lastKnownFileType = "compiled.mach-o.dylib"; name = libz.dylib; path = usr/lib/libz.dylib; sourceTree = SDKROOT; };
		B8A420B4198FD23600D77DFB /* MobileCoreServices.framework */ = {isa = PBXFileReference; lastKnownFileType = wrapper.framework; name = MobileCoreServices.framework; path = System/Library/Frameworks/MobileCoreServices.framework; sourceTree = SDKROOT; };
		B8A420B6198FD23C00D77DFB /* QuartzCore.framework */ = {isa = PBXFileReference; lastKnownFileType = wrapper.framework; name = QuartzCore.framework; path = System/Library/Frameworks/QuartzCore.framework; sourceTree = SDKROOT; };
		B8A420B8198FD24100D77DFB /* Security.framework */ = {isa = PBXFileReference; lastKnownFileType = wrapper.framework; name = Security.framework; path = System/Library/Frameworks/Security.framework; sourceTree = SDKROOT; };
		B8A420BA198FD24900D77DFB /* StoreKit.framework */ = {isa = PBXFileReference; lastKnownFileType = wrapper.framework; name = StoreKit.framework; path = System/Library/Frameworks/StoreKit.framework; sourceTree = SDKROOT; };
		B8A420BC198FD25100D77DFB /* SystemConfiguration.framework */ = {isa = PBXFileReference; lastKnownFileType = wrapper.framework; name = SystemConfiguration.framework; path = System/Library/Frameworks/SystemConfiguration.framework; sourceTree = SDKROOT; };
		B8A420C6198FD66E00D77DFB /* FormValidator.m */ = {isa = PBXFileReference; fileEncoding = 4; lastKnownFileType = sourcecode.c.objc; path = FormValidator.m; sourceTree = "<group>"; };
		B8A420C7198FD66F00D77DFB /* FormValidator.h */ = {isa = PBXFileReference; fileEncoding = 4; lastKnownFileType = sourcecode.c.h; path = FormValidator.h; sourceTree = "<group>"; };
		B8B0F4CD1952902500BE6929 /* MyPolicyCard.app */ = {isa = PBXFileReference; explicitFileType = wrapper.application; includeInIndex = 0; path = MyPolicyCard.app; sourceTree = BUILT_PRODUCTS_DIR; };
		B8B0F4D01952902500BE6929 /* Foundation.framework */ = {isa = PBXFileReference; lastKnownFileType = wrapper.framework; name = Foundation.framework; path = System/Library/Frameworks/Foundation.framework; sourceTree = SDKROOT; };
		B8B0F4D21952902500BE6929 /* CoreGraphics.framework */ = {isa = PBXFileReference; lastKnownFileType = wrapper.framework; name = CoreGraphics.framework; path = System/Library/Frameworks/CoreGraphics.framework; sourceTree = SDKROOT; };
		B8B0F4D41952902500BE6929 /* UIKit.framework */ = {isa = PBXFileReference; lastKnownFileType = wrapper.framework; name = UIKit.framework; path = System/Library/Frameworks/UIKit.framework; sourceTree = SDKROOT; };
		B8B0F4D81952902500BE6929 /* MyPolicyCard-Info.plist */ = {isa = PBXFileReference; lastKnownFileType = text.plist.xml; path = "MyPolicyCard-Info.plist"; sourceTree = "<group>"; };
		B8B0F4DA1952902500BE6929 /* en */ = {isa = PBXFileReference; lastKnownFileType = text.plist.strings; name = en; path = en.lproj/InfoPlist.strings; sourceTree = "<group>"; };
		B8B0F4DC1952902500BE6929 /* main.m */ = {isa = PBXFileReference; lastKnownFileType = sourcecode.c.objc; path = main.m; sourceTree = "<group>"; };
		B8B0F4DE1952902500BE6929 /* MyPolicyCard-Prefix.pch */ = {isa = PBXFileReference; lastKnownFileType = sourcecode.c.h; path = "MyPolicyCard-Prefix.pch"; sourceTree = "<group>"; };
		B8B0F4DF1952902500BE6929 /* AppDelegate.h */ = {isa = PBXFileReference; lastKnownFileType = sourcecode.c.h; name = AppDelegate.h; path = MyPolicyCard/AppDelegate.h; sourceTree = "<group>"; };
		B8B0F4E01952902500BE6929 /* AppDelegate.m */ = {isa = PBXFileReference; lastKnownFileType = sourcecode.c.objc; name = AppDelegate.m; path = MyPolicyCard/AppDelegate.m; sourceTree = "<group>"; };
		B8B0F4E31952902500BE6929 /* Base */ = {isa = PBXFileReference; lastKnownFileType = file.storyboard; name = Base; path = Base.lproj/Main.storyboard; sourceTree = "<group>"; };
		B8B0F4E81952902600BE6929 /* Images.xcassets */ = {isa = PBXFileReference; lastKnownFileType = folder.assetcatalog; path = Images.xcassets; sourceTree = "<group>"; };
		B8B0F4EE1952902600BE6929 /* MyPolicyCardTests.xctest */ = {isa = PBXFileReference; explicitFileType = wrapper.cfbundle; includeInIndex = 0; path = MyPolicyCardTests.xctest; sourceTree = BUILT_PRODUCTS_DIR; };
		B8B0F4EF1952902600BE6929 /* XCTest.framework */ = {isa = PBXFileReference; lastKnownFileType = wrapper.framework; name = XCTest.framework; path = Library/Frameworks/XCTest.framework; sourceTree = DEVELOPER_DIR; };
		B8B0F4F71952902600BE6929 /* MyPolicyCardTests-Info.plist */ = {isa = PBXFileReference; lastKnownFileType = text.plist.xml; path = "MyPolicyCardTests-Info.plist"; sourceTree = "<group>"; };
		B8B0F4F91952902600BE6929 /* en */ = {isa = PBXFileReference; lastKnownFileType = text.plist.strings; name = en; path = en.lproj/InfoPlist.strings; sourceTree = "<group>"; };
		B8B0F4FB1952902600BE6929 /* MyPolicyCardTests.m */ = {isa = PBXFileReference; lastKnownFileType = sourcecode.c.objc; path = MyPolicyCardTests.m; sourceTree = "<group>"; };
		B8B0F5061952905200BE6929 /* CardsOldViewController.h */ = {isa = PBXFileReference; fileEncoding = 4; lastKnownFileType = sourcecode.c.h; path = CardsOldViewController.h; sourceTree = "<group>"; };
		B8B0F5071952905200BE6929 /* CardsOldViewController.m */ = {isa = PBXFileReference; fileEncoding = 4; lastKnownFileType = sourcecode.c.objc; path = CardsOldViewController.m; sourceTree = "<group>"; };
		B8B0F50A1952905200BE6929 /* CollectionCell.h */ = {isa = PBXFileReference; fileEncoding = 4; lastKnownFileType = sourcecode.c.h; path = CollectionCell.h; sourceTree = "<group>"; };
		B8B0F50B1952905200BE6929 /* CollectionCell.m */ = {isa = PBXFileReference; fileEncoding = 4; lastKnownFileType = sourcecode.c.objc; path = CollectionCell.m; sourceTree = "<group>"; };
		B8B0F50C1952905200BE6929 /* CardFlowLayout.h */ = {isa = PBXFileReference; fileEncoding = 4; lastKnownFileType = sourcecode.c.h; path = CardFlowLayout.h; sourceTree = "<group>"; };
		B8B0F50D1952905200BE6929 /* CardFlowLayout.m */ = {isa = PBXFileReference; fileEncoding = 4; lastKnownFileType = sourcecode.c.objc; path = CardFlowLayout.m; sourceTree = "<group>"; };
		B8B0F52219529BE800BE6929 /* LoginViewController.h */ = {isa = PBXFileReference; fileEncoding = 4; lastKnownFileType = sourcecode.c.h; path = LoginViewController.h; sourceTree = "<group>"; };
		B8B0F52319529BE800BE6929 /* LoginViewController.m */ = {isa = PBXFileReference; fileEncoding = 4; lastKnownFileType = sourcecode.c.objc; path = LoginViewController.m; sourceTree = "<group>"; };
		B8B0F52519529BEE00BE6929 /* lock.png */ = {isa = PBXFileReference; lastKnownFileType = image.png; path = lock.png; sourceTree = "<group>"; };
		B8B0F52619529BEE00BE6929 /* lock@2x.png */ = {isa = PBXFileReference; lastKnownFileType = image.png; path = "lock@2x.png"; sourceTree = "<group>"; };
		B8B0F52719529BEE00BE6929 /* user.png */ = {isa = PBXFileReference; lastKnownFileType = image.png; path = user.png; sourceTree = "<group>"; };
		B8B0F52819529BEE00BE6929 /* user@2x.png */ = {isa = PBXFileReference; lastKnownFileType = image.png; path = "user@2x.png"; sourceTree = "<group>"; };
		B8B0F53419529EE300BE6929 /* UIButton+Bootstrap.h */ = {isa = PBXFileReference; fileEncoding = 4; lastKnownFileType = sourcecode.c.h; path = "UIButton+Bootstrap.h"; sourceTree = "<group>"; };
		B8B0F53519529EE300BE6929 /* UIButton+Bootstrap.m */ = {isa = PBXFileReference; fileEncoding = 4; lastKnownFileType = sourcecode.c.objc; path = "UIButton+Bootstrap.m"; sourceTree = "<group>"; };
		B8B0F5371952A4A500BE6929 /* NSString+FontAwesome.h */ = {isa = PBXFileReference; fileEncoding = 4; lastKnownFileType = sourcecode.c.h; path = "NSString+FontAwesome.h"; sourceTree = "<group>"; };
		B8B0F5381952A4A500BE6929 /* NSString+FontAwesome.m */ = {isa = PBXFileReference; fileEncoding = 4; lastKnownFileType = sourcecode.c.objc; path = "NSString+FontAwesome.m"; sourceTree = "<group>"; };
		B8B0F53A1953A23100BE6929 /* Carrier.h */ = {isa = PBXFileReference; fileEncoding = 4; lastKnownFileType = sourcecode.c.h; path = Carrier.h; sourceTree = "<group>"; };
		B8B0F53B1953A23100BE6929 /* Carrier.m */ = {isa = PBXFileReference; fileEncoding = 4; lastKnownFileType = sourcecode.c.objc; path = Carrier.m; sourceTree = "<group>"; };
		B8B0F53F1953A97A00BE6929 /* FBShimmering.h */ = {isa = PBXFileReference; fileEncoding = 4; lastKnownFileType = sourcecode.c.h; path = FBShimmering.h; sourceTree = "<group>"; };
		B8B0F5401953A97A00BE6929 /* FBShimmeringView.h */ = {isa = PBXFileReference; fileEncoding = 4; lastKnownFileType = sourcecode.c.h; path = FBShimmeringView.h; sourceTree = "<group>"; };
		B8B0F5411953A97A00BE6929 /* FBShimmeringView.m */ = {isa = PBXFileReference; fileEncoding = 4; lastKnownFileType = sourcecode.c.objc; path = FBShimmeringView.m; sourceTree = "<group>"; };
		B8B0F5421953A97A00BE6929 /* FBShimmeringLayer.h */ = {isa = PBXFileReference; fileEncoding = 4; lastKnownFileType = sourcecode.c.h; path = FBShimmeringLayer.h; sourceTree = "<group>"; };
		B8B0F5431953A97A00BE6929 /* FBShimmeringLayer.m */ = {isa = PBXFileReference; fileEncoding = 4; lastKnownFileType = sourcecode.c.objc; path = FBShimmeringLayer.m; sourceTree = "<group>"; };
		B8B0F5461953B31000BE6929 /* LoadControls.h */ = {isa = PBXFileReference; fileEncoding = 4; lastKnownFileType = sourcecode.c.h; path = LoadControls.h; sourceTree = "<group>"; };
		B8B0F5471953B31000BE6929 /* LoadControls.m */ = {isa = PBXFileReference; fileEncoding = 4; lastKnownFileType = sourcecode.c.objc; path = LoadControls.m; sourceTree = "<group>"; };
		B8C8F27B195D2F80009F8F6E /* google.png */ = {isa = PBXFileReference; lastKnownFileType = image.png; path = google.png; sourceTree = "<group>"; };
		B8C8F27C195D2F80009F8F6E /* MongoDB.png */ = {isa = PBXFileReference; lastKnownFileType = image.png; path = MongoDB.png; sourceTree = "<group>"; };
		B8C8F27F195D31BF009F8F6E /* UILayers.h */ = {isa = PBXFileReference; fileEncoding = 4; lastKnownFileType = sourcecode.c.h; path = UILayers.h; sourceTree = "<group>"; };
		B8C8F280195D31BF009F8F6E /* UILayers.m */ = {isa = PBXFileReference; fileEncoding = 4; lastKnownFileType = sourcecode.c.objc; path = UILayers.m; sourceTree = "<group>"; };
/* End PBXFileReference section */

/* Begin PBXFrameworksBuildPhase section */
		B8B0F4CA1952902500BE6929 /* Frameworks */ = {
			isa = PBXFrameworksBuildPhase;
			buildActionMask = 2147483647;
			files = (
				B8A420BD198FD25100D77DFB /* SystemConfiguration.framework in Frameworks */,
				B8A420BB198FD24900D77DFB /* StoreKit.framework in Frameworks */,
				B8A420B9198FD24100D77DFB /* Security.framework in Frameworks */,
				B8A420B7198FD23C00D77DFB /* QuartzCore.framework in Frameworks */,
				B8A420B5198FD23600D77DFB /* MobileCoreServices.framework in Frameworks */,
				B8A420B3198FD22F00D77DFB /* libz.dylib in Frameworks */,
				B8A420B1198FD22400D77DFB /* CoreLocation.framework in Frameworks */,
				B8A420AF198FD21900D77DFB /* CFNetwork.framework in Frameworks */,
				B8A420AD198FD21300D77DFB /* AudioToolbox.framework in Frameworks */,
				B8B0F4D31952902500BE6929 /* CoreGraphics.framework in Frameworks */,
				B8B0F4D51952902500BE6929 /* UIKit.framework in Frameworks */,
				B8A420AB198FD1D500D77DFB /* Parse.framework in Frameworks */,
				B8B0F4D11952902500BE6929 /* Foundation.framework in Frameworks */,
			);
			runOnlyForDeploymentPostprocessing = 0;
		};
		B8B0F4EB1952902600BE6929 /* Frameworks */ = {
			isa = PBXFrameworksBuildPhase;
			buildActionMask = 2147483647;
			files = (
				B8B0F4F01952902600BE6929 /* XCTest.framework in Frameworks */,
				B8B0F4F21952902600BE6929 /* UIKit.framework in Frameworks */,
				B8B0F4F11952902600BE6929 /* Foundation.framework in Frameworks */,
			);
			runOnlyForDeploymentPostprocessing = 0;
		};
/* End PBXFrameworksBuildPhase section */

/* Begin PBXGroup section */
		B81AA29B19901B7F003028EB /* Localization */ = {
			isa = PBXGroup;
			children = (
				B81AA296199019AF003028EB /* Localizable.strings */,
				B81AA284199016A8003028EB /* LocalizationSystem.h */,
				B81AA285199016A8003028EB /* LocalizationSystem.m */,
			);
			name = Localization;
			sourceTree = "<group>";
		};
		B81AA2C819967075003028EB /* Components */ = {
			isa = PBXGroup;
			children = (
				B81AA2B919907822003028EB /* LoadingAnimation.h */,
				B81AA2BA19907823003028EB /* LoadingAnimation.m */,
				B81AA281199015C4003028EB /* UIResponder+KeyboardCache.h */,
				B81AA282199015C4003028EB /* UIResponder+KeyboardCache.m */,
				B8A420C7198FD66F00D77DFB /* FormValidator.h */,
				B8A420C6198FD66E00D77DFB /* FormValidator.m */,
			);
			name = Components;
			sourceTree = "<group>";
		};
		B81AA2C9199678A0003028EB /* responsiveBtn */ = {
			isa = PBXGroup;
			children = (
				B81AA2B0199062FE003028EB /* UIButton+ResponsiveInteraction.h */,
				B81AA2B1199062FE003028EB /* UIButton+ResponsiveInteraction.m */,
				B81AA2B619906403003028EB /* FeBasicAnimationBlock.h */,
				B81AA2B719906403003028EB /* FeBasicAnimationBlock.m */,
			);
			name = responsiveBtn;
			sourceTree = "<group>";
		};
		B89CC80B199D9378004FEB7A /* Cells */ = {
			isa = PBXGroup;
			children = (
				B89CC80C199D937F004FEB7A /* ProfileCell.h */,
				B89CC80D199D937F004FEB7A /* ProfileCell.m */,
				B89CC80E199D937F004FEB7A /* EDCollectionCell.h */,
				B89CC80F199D937F004FEB7A /* EDCollectionCell.m */,
			);
			name = Cells;
			sourceTree = "<group>";
		};
		B89CC812199D9386004FEB7A /* UIDynamics */ = {
			isa = PBXGroup;
			children = (
				B89CC813199D9392004FEB7A /* draggableViewState.h */,
				B89CC814199D9392004FEB7A /* dragViewBehavior.h */,
				B89CC815199D9392004FEB7A /* dragViewBehavior.m */,
			);
			name = UIDynamics;
			sourceTree = "<group>";
		};
		B89CC81A199D966D004FEB7A /* Layouts */ = {
			isa = PBXGroup;
			children = (
				B89CC81B199D9674004FEB7A /* smallLayout.h */,
				B89CC81C199D9674004FEB7A /* smallLayout.m */,
				B89CC81D199D9674004FEB7A /* largeLayout.h */,
				B89CC81E199D9674004FEB7A /* largeLayout.m */,
			);
			name = Layouts;
			sourceTree = "<group>";
		};
		B8A420BE198FD33700D77DFB /* Utilities */ = {
			isa = PBXGroup;
			children = (
				B81AA2C9199678A0003028EB /* responsiveBtn */,
				B81AA29D199026E6003028EB /* NSUserDefaultControls.h */,
				B81AA29E199026E6003028EB /* NSUserDefaultControls.m */,
				B81AA29F199026E6003028EB /* GeneralControl.h */,
				B81AA2A0199026E6003028EB /* GeneralControl.m */,
				B8B0F5461953B31000BE6929 /* LoadControls.h */,
				B8B0F5471953B31000BE6929 /* LoadControls.m */,
				B8C8F27F195D31BF009F8F6E /* UILayers.h */,
				B8C8F280195D31BF009F8F6E /* UILayers.m */,
				B81AA2A3199027B4003028EB /* UIAlertView+Blocks.h */,
				B81AA2A4199027B4003028EB /* UIAlertView+Blocks.m */,
				B81AA2A5199027B4003028EB /* edi_md5.h */,
				B81AA2A6199027B4003028EB /* edi_md5.m */,
				B81AA2A7199027B4003028EB /* UIImage+ImageEffects.h */,
				B81AA2A8199027B4003028EB /* UIImage+ImageEffects.m */,
				B81AA2B319906331003028EB /* UIColor+flat.h */,
				B81AA2B419906331003028EB /* UIColor+flat.m */,
			);
			name = Utilities;
			sourceTree = "<group>";
		};
		B8A420BF198FD36100D77DFB /* Buttons */ = {
			isa = PBXGroup;
			children = (
				B8B0F53419529EE300BE6929 /* UIButton+Bootstrap.h */,
				B8B0F53519529EE300BE6929 /* UIButton+Bootstrap.m */,
				B8B0F5371952A4A500BE6929 /* NSString+FontAwesome.h */,
				B8B0F5381952A4A500BE6929 /* NSString+FontAwesome.m */,
			);
			name = Buttons;
			sourceTree = "<group>";
		};
		B8B0F4C41952902500BE6929 = {
			isa = PBXGroup;
			children = (
				B89CC82D199E93D3004FEB7A /* notifyWindow.h */,
				B89CC82E199E93D3004FEB7A /* notifyWindow.m */,
				B8B0F4DF1952902500BE6929 /* AppDelegate.h */,
				B8B0F4E01952902500BE6929 /* AppDelegate.m */,
				B89CC825199DBFC2004FEB7A /* HaoWindow.h */,
				B89CC826199DBFC2004FEB7A /* HaoWindow.m */,
				B8B0F4E21952902500BE6929 /* Main.storyboard */,
				B81AA29B19901B7F003028EB /* Localization */,
				B8B0F4D61952902500BE6929 /* MyPolicyCard */,
				B8B0F4F51952902600BE6929 /* MyPolicyCardTests */,
				B8B0F4CF1952902500BE6929 /* Frameworks */,
				B8B0F4CE1952902500BE6929 /* Products */,
			);
			sourceTree = "<group>";
		};
		B8B0F4CE1952902500BE6929 /* Products */ = {
			isa = PBXGroup;
			children = (
				B8B0F4CD1952902500BE6929 /* MyPolicyCard.app */,
				B8B0F4EE1952902600BE6929 /* MyPolicyCardTests.xctest */,
			);
			name = Products;
			sourceTree = "<group>";
		};
		B8B0F4CF1952902500BE6929 /* Frameworks */ = {
			isa = PBXGroup;
			children = (
				B8A420BC198FD25100D77DFB /* SystemConfiguration.framework */,
				B8A420BA198FD24900D77DFB /* StoreKit.framework */,
				B8A420B8198FD24100D77DFB /* Security.framework */,
				B8A420B6198FD23C00D77DFB /* QuartzCore.framework */,
				B8A420B4198FD23600D77DFB /* MobileCoreServices.framework */,
				B8A420B2198FD22F00D77DFB /* libz.dylib */,
				B8A420B0198FD22400D77DFB /* CoreLocation.framework */,
				B8A420AE198FD21900D77DFB /* CFNetwork.framework */,
				B8A420AC198FD21300D77DFB /* AudioToolbox.framework */,
				B8A420AA198FD1D500D77DFB /* Parse.framework */,
				B8B0F4D01952902500BE6929 /* Foundation.framework */,
				B8B0F4D21952902500BE6929 /* CoreGraphics.framework */,
				B8B0F4D41952902500BE6929 /* UIKit.framework */,
				B8B0F4EF1952902600BE6929 /* XCTest.framework */,
			);
			name = Frameworks;
			sourceTree = "<group>";
		};
		B8B0F4D61952902500BE6929 /* MyPolicyCard */ = {
			isa = PBXGroup;
			children = (
				B8B0F53319529C5900BE6929 /* LoginPage */,
				B8B0F5051952904B00BE6929 /* MainPage */,
				B8B0F53D1953A23800BE6929 /* Objects */,
				B8A420BE198FD33700D77DFB /* Utilities */,
				B8B0F53119529C2200BE6929 /* images */,
				B8B0F4E81952902600BE6929 /* Images.xcassets */,
				B8B0F4D71952902500BE6929 /* Supporting Files */,
			);
			path = MyPolicyCard;
			sourceTree = "<group>";
		};
		B8B0F4D71952902500BE6929 /* Supporting Files */ = {
			isa = PBXGroup;
			children = (
				B8B0F4D81952902500BE6929 /* MyPolicyCard-Info.plist */,
				B8B0F4D91952902500BE6929 /* InfoPlist.strings */,
				B8B0F4DC1952902500BE6929 /* main.m */,
				B8B0F4DE1952902500BE6929 /* MyPolicyCard-Prefix.pch */,
			);
			name = "Supporting Files";
			sourceTree = "<group>";
		};
		B8B0F4F51952902600BE6929 /* MyPolicyCardTests */ = {
			isa = PBXGroup;
			children = (
				B8B0F4FB1952902600BE6929 /* MyPolicyCardTests.m */,
				B8B0F4F61952902600BE6929 /* Supporting Files */,
			);
			path = MyPolicyCardTests;
			sourceTree = "<group>";
		};
		B8B0F4F61952902600BE6929 /* Supporting Files */ = {
			isa = PBXGroup;
			children = (
				B8B0F4F71952902600BE6929 /* MyPolicyCardTests-Info.plist */,
				B8B0F4F81952902600BE6929 /* InfoPlist.strings */,
			);
			name = "Supporting Files";
			sourceTree = "<group>";
		};
		B8B0F5051952904B00BE6929 /* MainPage */ = {
			isa = PBXGroup;
			children = (
				B89CC81A199D966D004FEB7A /* Layouts */,
				B89CC812199D9386004FEB7A /* UIDynamics */,
				B89CC80B199D9378004FEB7A /* Cells */,
				B8B0F5061952905200BE6929 /* CardsOldViewController.h */,
				B8B0F5071952905200BE6929 /* CardsOldViewController.m */,
				B89CC817199D95E2004FEB7A /* helloViewController.h */,
				B89CC818199D95E2004FEB7A /* helloViewController.m */,
				B89CC7FC199D933D004FEB7A /* ProfileViewController.h */,
				B89CC7FD199D933D004FEB7A /* ProfileViewController.m */,
				B89CC808199D9358004FEB7A /* SecondViewController.h */,
				B89CC809199D9358004FEB7A /* SecondViewController.m */,
				B8A420BF198FD36100D77DFB /* Buttons */,
				B8B0F53E1953A97300BE6929 /* Shimmer+shineLabel */,
				B8B0F53219529C4500BE6929 /* collectionView */,
			);
			name = MainPage;
			sourceTree = "<group>";
		};
		B8B0F53119529C2200BE6929 /* images */ = {
			isa = PBXGroup;
			children = (
				B89CC802199D934E004FEB7A /* EDB_tutorial.png */,
				B89CC803199D934E004FEB7A /* EDB_language.png */,
				B89CC804199D934E004FEB7A /* EDB_aboutus.png */,
				B81AA2C419912FD4003028EB /* bgProfile.png */,
				B81AA2C519912FD4003028EB /* bgLogin.png */,
				B8C8F27B195D2F80009F8F6E /* google.png */,
				B8C8F27C195D2F80009F8F6E /* MongoDB.png */,
				B878EEA61953E30700C43583 /* back_01.png */,
				B878EEA71953E30700C43583 /* back_01@2x.png */,
				B878EE8F1953BA1A00C43583 /* phone_01.png */,
				B878EE901953BA1A00C43583 /* phone_01@2x.png */,
				B878EE931953BB1500C43583 /* plan_01.png */,
				B878EE941953BB1500C43583 /* plan_01@2x.png */,
				B878EE971953BBBD00C43583 /* id_01.png */,
				B878EE981953BBBD00C43583 /* id_01@2x.png */,
				B878EE991953BBBD00C43583 /* info_01.png */,
				B878EE9A1953BBBD00C43583 /* info_01@2x.png */,
				B878EE9B1953BBBD00C43583 /* heart_01.png */,
				B878EE9C1953BBBD00C43583 /* heart_01@2x.png */,
				B8B0F52519529BEE00BE6929 /* lock.png */,
				B8B0F52619529BEE00BE6929 /* lock@2x.png */,
				B8B0F52719529BEE00BE6929 /* user.png */,
				B8B0F52819529BEE00BE6929 /* user@2x.png */,
			);
			name = images;
			sourceTree = "<group>";
		};
		B8B0F53219529C4500BE6929 /* collectionView */ = {
			isa = PBXGroup;
			children = (
				B8B0F50A1952905200BE6929 /* CollectionCell.h */,
				B8B0F50B1952905200BE6929 /* CollectionCell.m */,
				B8B0F50C1952905200BE6929 /* CardFlowLayout.h */,
				B8B0F50D1952905200BE6929 /* CardFlowLayout.m */,
			);
			name = collectionView;
			sourceTree = "<group>";
		};
		B8B0F53319529C5900BE6929 /* LoginPage */ = {
			isa = PBXGroup;
			children = (
				B81AA2C819967075003028EB /* Components */,
				B8B0F52219529BE800BE6929 /* LoginViewController.h */,
				B8B0F52319529BE800BE6929 /* LoginViewController.m */,
			);
			name = LoginPage;
			sourceTree = "<group>";
		};
		B8B0F53D1953A23800BE6929 /* Objects */ = {
			isa = PBXGroup;
			children = (
				B81AA2AC19902E29003028EB /* User.h */,
				B81AA2AD19902E29003028EB /* User.m */,
				B8B0F53A1953A23100BE6929 /* Carrier.h */,
				B8B0F53B1953A23100BE6929 /* Carrier.m */,
			);
			name = Objects;
			sourceTree = "<group>";
		};
		B8B0F53E1953A97300BE6929 /* Shimmer+shineLabel */ = {
			isa = PBXGroup;
			children = (
				B878EEAA1953E54A00C43583 /* AnimateLabel.h */,
				B878EEAB1953E54A00C43583 /* AnimateLabel.m */,
				B878EEA31953D52000C43583 /* RQShineLabel.h */,
				B878EEA41953D52000C43583 /* RQShineLabel.m */,
				B8B0F53F1953A97A00BE6929 /* FBShimmering.h */,
				B8B0F5401953A97A00BE6929 /* FBShimmeringView.h */,
				B8B0F5411953A97A00BE6929 /* FBShimmeringView.m */,
				B8B0F5421953A97A00BE6929 /* FBShimmeringLayer.h */,
				B8B0F5431953A97A00BE6929 /* FBShimmeringLayer.m */,
			);
			name = "Shimmer+shineLabel";
			sourceTree = "<group>";
		};
/* End PBXGroup section */

/* Begin PBXNativeTarget section */
		B8B0F4CC1952902500BE6929 /* MyPolicyCard */ = {
			isa = PBXNativeTarget;
			buildConfigurationList = B8B0F4FF1952902600BE6929 /* Build configuration list for PBXNativeTarget "MyPolicyCard" */;
			buildPhases = (
				B8B0F4C91952902500BE6929 /* Sources */,
				B8B0F4CA1952902500BE6929 /* Frameworks */,
				B8B0F4CB1952902500BE6929 /* Resources */,
			);
			buildRules = (
			);
			dependencies = (
			);
			name = MyPolicyCard;
			productName = MyPolicyCard;
			productReference = B8B0F4CD1952902500BE6929 /* MyPolicyCard.app */;
			productType = "com.apple.product-type.application";
		};
		B8B0F4ED1952902600BE6929 /* MyPolicyCardTests */ = {
			isa = PBXNativeTarget;
			buildConfigurationList = B8B0F5021952902600BE6929 /* Build configuration list for PBXNativeTarget "MyPolicyCardTests" */;
			buildPhases = (
				B8B0F4EA1952902600BE6929 /* Sources */,
				B8B0F4EB1952902600BE6929 /* Frameworks */,
				B8B0F4EC1952902600BE6929 /* Resources */,
			);
			buildRules = (
			);
			dependencies = (
				B8B0F4F41952902600BE6929 /* PBXTargetDependency */,
			);
			name = MyPolicyCardTests;
			productName = MyPolicyCardTests;
			productReference = B8B0F4EE1952902600BE6929 /* MyPolicyCardTests.xctest */;
			productType = "com.apple.product-type.bundle.unit-test";
		};
/* End PBXNativeTarget section */

/* Begin PBXProject section */
		B8B0F4C51952902500BE6929 /* Project object */ = {
			isa = PBXProject;
			attributes = {
				LastUpgradeCheck = 0510;
				ORGANIZATIONNAME = "Hao Zheng";
				TargetAttributes = {
					B8B0F4CC1952902500BE6929 = {
						DevelopmentTeam = 2QU346BL3Y;
					};
					B8B0F4ED1952902600BE6929 = {
						TestTargetID = B8B0F4CC1952902500BE6929;
					};
				};
			};
			buildConfigurationList = B8B0F4C81952902500BE6929 /* Build configuration list for PBXProject "MyPolicyCard" */;
			compatibilityVersion = "Xcode 3.2";
			developmentRegion = English;
			hasScannedForEncodings = 0;
			knownRegions = (
				en,
				Base,
				"zh-Hans",
			);
			mainGroup = B8B0F4C41952902500BE6929;
			productRefGroup = B8B0F4CE1952902500BE6929 /* Products */;
			projectDirPath = "";
			projectRoot = "";
			targets = (
				B8B0F4CC1952902500BE6929 /* MyPolicyCard */,
				B8B0F4ED1952902600BE6929 /* MyPolicyCardTests */,
			);
		};
/* End PBXProject section */

/* Begin PBXResourcesBuildPhase section */
		B8B0F4CB1952902500BE6929 /* Resources */ = {
			isa = PBXResourcesBuildPhase;
			buildActionMask = 2147483647;
			files = (
				B81AA2C719912FD4003028EB /* bgLogin.png in Resources */,
				B8C8F27E195D2F80009F8F6E /* MongoDB.png in Resources */,
				B8B0F52C19529BEE00BE6929 /* lock@2x.png in Resources */,
				B81AA2C619912FD4003028EB /* bgProfile.png in Resources */,
				B878EEA91953E30700C43583 /* back_01@2x.png in Resources */,
				B878EEA11953BBBD00C43583 /* heart_01.png in Resources */,
				B8B0F52D19529BEE00BE6929 /* user.png in Resources */,
				B878EE951953BB1500C43583 /* plan_01.png in Resources */,
				B878EEA81953E30700C43583 /* back_01.png in Resources */,
				B81AA294199019AF003028EB /* Localizable.strings in Resources */,
				B8C8F27D195D2F80009F8F6E /* google.png in Resources */,
				B8B0F52B19529BEE00BE6929 /* lock.png in Resources */,
				B89CC805199D934E004FEB7A /* EDB_tutorial.png in Resources */,
				B8B0F4E91952902600BE6929 /* Images.xcassets in Resources */,
				B878EE911953BA1A00C43583 /* phone_01.png in Resources */,
				B8B0F52E19529BEE00BE6929 /* user@2x.png in Resources */,
				B878EE9F1953BBBD00C43583 /* info_01.png in Resources */,
				B878EE921953BA1A00C43583 /* phone_01@2x.png in Resources */,
				B878EE9E1953BBBD00C43583 /* id_01@2x.png in Resources */,
				B8B0F4DB1952902500BE6929 /* InfoPlist.strings in Resources */,
				B89CC807199D934E004FEB7A /* EDB_aboutus.png in Resources */,
				B878EE961953BB1500C43583 /* plan_01@2x.png in Resources */,
				B89CC806199D934E004FEB7A /* EDB_language.png in Resources */,
				B8B0F4E41952902500BE6929 /* Main.storyboard in Resources */,
				B878EE9D1953BBBD00C43583 /* id_01.png in Resources */,
				B878EEA21953BBBD00C43583 /* heart_01@2x.png in Resources */,
				B878EEA01953BBBD00C43583 /* info_01@2x.png in Resources */,
			);
			runOnlyForDeploymentPostprocessing = 0;
		};
		B8B0F4EC1952902600BE6929 /* Resources */ = {
			isa = PBXResourcesBuildPhase;
			buildActionMask = 2147483647;
			files = (
				B8B0F4FA1952902600BE6929 /* InfoPlist.strings in Resources */,
			);
			runOnlyForDeploymentPostprocessing = 0;
		};
/* End PBXResourcesBuildPhase section */

/* Begin PBXSourcesBuildPhase section */
		B8B0F4C91952902500BE6929 /* Sources */ = {
			isa = PBXSourcesBuildPhase;
			buildActionMask = 2147483647;
			files = (
				B89CC80A199D9358004FEB7A /* SecondViewController.m in Sources */,
				B8B0F53C1953A23100BE6929 /* Carrier.m in Sources */,
				B8B0F5391952A4A500BE6929 /* NSString+FontAwesome.m in Sources */,
				B8C8F281195D31BF009F8F6E /* UILayers.m in Sources */,
				B89CC82F199E93D3004FEB7A /* notifyWindow.m in Sources */,
				B89CC816199D9392004FEB7A /* dragViewBehavior.m in Sources */,
				B81AA2BB19907823003028EB /* LoadingAnimation.m in Sources */,
				B8B0F5111952905200BE6929 /* CardFlowLayout.m in Sources */,
				B89CC811199D937F004FEB7A /* EDCollectionCell.m in Sources */,
				B81AA2B519906331003028EB /* UIColor+flat.m in Sources */,
				B81AA283199015C4003028EB /* UIResponder+KeyboardCache.m in Sources */,
				B89CC827199DBFC2004FEB7A /* HaoWindow.m in Sources */,
				B81AA2B819906403003028EB /* FeBasicAnimationBlock.m in Sources */,
				B8A420C8198FD66F00D77DFB /* FormValidator.m in Sources */,
				B81AA2A2199026E6003028EB /* GeneralControl.m in Sources */,
				B8B0F5101952905200BE6929 /* CollectionCell.m in Sources */,
				B81AA2AE19902E29003028EB /* User.m in Sources */,
				B8B0F53619529EE300BE6929 /* UIButton+Bootstrap.m in Sources */,
				B81AA2A1199026E6003028EB /* NSUserDefaultControls.m in Sources */,
				B8B0F50E1952905200BE6929 /* CardsOldViewController.m in Sources */,
				B81AA2B2199062FE003028EB /* UIButton+ResponsiveInteraction.m in Sources */,
				B89CC819199D95E2004FEB7A /* helloViewController.m in Sources */,
				B878EEAC1953E54A00C43583 /* AnimateLabel.m in Sources */,
				B8B0F5441953A97A00BE6929 /* FBShimmeringView.m in Sources */,
				B8B0F52419529BE800BE6929 /* LoginViewController.m in Sources */,
				B878EEA51953D52000C43583 /* RQShineLabel.m in Sources */,
				B89CC7FE199D933D004FEB7A /* ProfileViewController.m in Sources */,
				B81AA2AB199027B4003028EB /* UIImage+ImageEffects.m in Sources */,
				B89CC820199D9674004FEB7A /* largeLayout.m in Sources */,
				B8B0F5451953A97A00BE6929 /* FBShimmeringLayer.m in Sources */,
				B8B0F4E11952902500BE6929 /* AppDelegate.m in Sources */,
				B89CC810199D937F004FEB7A /* ProfileCell.m in Sources */,
				B8B0F4DD1952902500BE6929 /* main.m in Sources */,
				B81AA2A9199027B4003028EB /* UIAlertView+Blocks.m in Sources */,
				B8B0F5481953B31000BE6929 /* LoadControls.m in Sources */,
				B81AA286199016A8003028EB /* LocalizationSystem.m in Sources */,
				B81AA2AA199027B4003028EB /* edi_md5.m in Sources */,
				B89CC81F199D9674004FEB7A /* smallLayout.m in Sources */,
			);
			runOnlyForDeploymentPostprocessing = 0;
		};
		B8B0F4EA1952902600BE6929 /* Sources */ = {
			isa = PBXSourcesBuildPhase;
			buildActionMask = 2147483647;
			files = (
				B8B0F4FC1952902600BE6929 /* MyPolicyCardTests.m in Sources */,
			);
			runOnlyForDeploymentPostprocessing = 0;
		};
/* End PBXSourcesBuildPhase section */

/* Begin PBXTargetDependency section */
		B8B0F4F41952902600BE6929 /* PBXTargetDependency */ = {
			isa = PBXTargetDependency;
			target = B8B0F4CC1952902500BE6929 /* MyPolicyCard */;
			targetProxy = B8B0F4F31952902600BE6929 /* PBXContainerItemProxy */;
		};
/* End PBXTargetDependency section */

/* Begin PBXVariantGroup section */
		B81AA296199019AF003028EB /* Localizable.strings */ = {
			isa = PBXVariantGroup;
			children = (
				B81AA29819901B6E003028EB /* zh-Hans */,
				B81AA2AF199034CA003028EB /* en */,
			);
			name = Localizable.strings;
			sourceTree = "<group>";
		};
		B8B0F4D91952902500BE6929 /* InfoPlist.strings */ = {
			isa = PBXVariantGroup;
			children = (
				B8B0F4DA1952902500BE6929 /* en */,
				B81AA29919901B6E003028EB /* zh-Hans */,
			);
			name = InfoPlist.strings;
			sourceTree = "<group>";
		};
		B8B0F4E21952902500BE6929 /* Main.storyboard */ = {
			isa = PBXVariantGroup;
			children = (
				B8B0F4E31952902500BE6929 /* Base */,
				B81AA29719901B6E003028EB /* zh-Hans */,
				B81AA29C19901BA8003028EB /* en */,
			);
			name = Main.storyboard;
			path = MyPolicyCard;
			sourceTree = "<group>";
		};
		B8B0F4F81952902600BE6929 /* InfoPlist.strings */ = {
			isa = PBXVariantGroup;
			children = (
				B8B0F4F91952902600BE6929 /* en */,
				B81AA29A19901B6E003028EB /* zh-Hans */,
			);
			name = InfoPlist.strings;
			sourceTree = "<group>";
		};
/* End PBXVariantGroup section */

/* Begin XCBuildConfiguration section */
		B8B0F4FD1952902600BE6929 /* Debug */ = {
			isa = XCBuildConfiguration;
			buildSettings = {
				ALWAYS_SEARCH_USER_PATHS = NO;
				CLANG_CXX_LANGUAGE_STANDARD = "gnu++0x";
				CLANG_CXX_LIBRARY = "libc++";
				CLANG_ENABLE_MODULES = YES;
				CLANG_ENABLE_OBJC_ARC = YES;
				CLANG_WARN_BOOL_CONVERSION = YES;
				CLANG_WARN_CONSTANT_CONVERSION = YES;
				CLANG_WARN_DIRECT_OBJC_ISA_USAGE = YES_ERROR;
				CLANG_WARN_EMPTY_BODY = YES;
				CLANG_WARN_ENUM_CONVERSION = YES;
				CLANG_WARN_INT_CONVERSION = YES;
				CLANG_WARN_OBJC_ROOT_CLASS = YES_ERROR;
				CLANG_WARN__DUPLICATE_METHOD_MATCH = YES;
				"CODE_SIGN_IDENTITY[sdk=iphoneos*]" = "iPhone Developer";
				COPY_PHASE_STRIP = NO;
				GCC_C_LANGUAGE_STANDARD = gnu99;
				GCC_DYNAMIC_NO_PIC = NO;
				GCC_OPTIMIZATION_LEVEL = 0;
				GCC_PREPROCESSOR_DEFINITIONS = (
					"DEBUG=1",
					"$(inherited)",
				);
				GCC_SYMBOLS_PRIVATE_EXTERN = NO;
				GCC_WARN_64_TO_32_BIT_CONVERSION = YES;
				GCC_WARN_ABOUT_RETURN_TYPE = YES_ERROR;
				GCC_WARN_UNDECLARED_SELECTOR = YES;
				GCC_WARN_UNINITIALIZED_AUTOS = YES_AGGRESSIVE;
				GCC_WARN_UNUSED_FUNCTION = YES;
				GCC_WARN_UNUSED_VARIABLE = YES;
				IPHONEOS_DEPLOYMENT_TARGET = 7.1;
				ONLY_ACTIVE_ARCH = YES;
				SDKROOT = iphoneos;
			};
			name = Debug;
		};
		B8B0F4FE1952902600BE6929 /* Release */ = {
			isa = XCBuildConfiguration;
			buildSettings = {
				ALWAYS_SEARCH_USER_PATHS = NO;
				CLANG_CXX_LANGUAGE_STANDARD = "gnu++0x";
				CLANG_CXX_LIBRARY = "libc++";
				CLANG_ENABLE_MODULES = YES;
				CLANG_ENABLE_OBJC_ARC = YES;
				CLANG_WARN_BOOL_CONVERSION = YES;
				CLANG_WARN_CONSTANT_CONVERSION = YES;
				CLANG_WARN_DIRECT_OBJC_ISA_USAGE = YES_ERROR;
				CLANG_WARN_EMPTY_BODY = YES;
				CLANG_WARN_ENUM_CONVERSION = YES;
				CLANG_WARN_INT_CONVERSION = YES;
				CLANG_WARN_OBJC_ROOT_CLASS = YES_ERROR;
				CLANG_WARN__DUPLICATE_METHOD_MATCH = YES;
				"CODE_SIGN_IDENTITY[sdk=iphoneos*]" = "iPhone Developer";
				COPY_PHASE_STRIP = YES;
				ENABLE_NS_ASSERTIONS = NO;
				GCC_C_LANGUAGE_STANDARD = gnu99;
				GCC_WARN_64_TO_32_BIT_CONVERSION = YES;
				GCC_WARN_ABOUT_RETURN_TYPE = YES_ERROR;
				GCC_WARN_UNDECLARED_SELECTOR = YES;
				GCC_WARN_UNINITIALIZED_AUTOS = YES_AGGRESSIVE;
				GCC_WARN_UNUSED_FUNCTION = YES;
				GCC_WARN_UNUSED_VARIABLE = YES;
				IPHONEOS_DEPLOYMENT_TARGET = 7.1;
				SDKROOT = iphoneos;
				VALIDATE_PRODUCT = YES;
			};
			name = Release;
		};
		B8B0F5001952902600BE6929 /* Debug */ = {
			isa = XCBuildConfiguration;
			buildSettings = {
				ASSETCATALOG_COMPILER_APPICON_NAME = AppIcon;
				ASSETCATALOG_COMPILER_LAUNCHIMAGE_NAME = LaunchImage;
				CODE_SIGN_IDENTITY = "iPhone Developer";
				"CODE_SIGN_IDENTITY[sdk=iphoneos*]" = "iPhone Developer";
				FRAMEWORK_SEARCH_PATHS = (
					"$(inherited)",
					"$(PROJECT_DIR)",
				);
				GCC_PRECOMPILE_PREFIX_HEADER = YES;
				GCC_PREFIX_HEADER = "MyPolicyCard/MyPolicyCard-Prefix.pch";
				INFOPLIST_FILE = "MyPolicyCard/MyPolicyCard-Info.plist";
				IPHONEOS_DEPLOYMENT_TARGET = 7.0;
				PRODUCT_NAME = "$(TARGET_NAME)";
				PROVISIONING_PROFILE = "";
				TARGETED_DEVICE_FAMILY = "1,2";
				WRAPPER_EXTENSION = app;
			};
			name = Debug;
		};
		B8B0F5011952902600BE6929 /* Release */ = {
			isa = XCBuildConfiguration;
			buildSettings = {
				ASSETCATALOG_COMPILER_APPICON_NAME = AppIcon;
				ASSETCATALOG_COMPILER_LAUNCHIMAGE_NAME = LaunchImage;
				CODE_SIGN_IDENTITY = "iPhone Developer";
				"CODE_SIGN_IDENTITY[sdk=iphoneos*]" = "iPhone Developer";
				FRAMEWORK_SEARCH_PATHS = (
					"$(inherited)",
					"$(PROJECT_DIR)",
				);
				GCC_PRECOMPILE_PREFIX_HEADER = YES;
				GCC_PREFIX_HEADER = "MyPolicyCard/MyPolicyCard-Prefix.pch";
				INFOPLIST_FILE = "MyPolicyCard/MyPolicyCard-Info.plist";
				IPHONEOS_DEPLOYMENT_TARGET = 7.0;
				PRODUCT_NAME = "$(TARGET_NAME)";
				PROVISIONING_PROFILE = "";
				TARGETED_DEVICE_FAMILY = "1,2";
				WRAPPER_EXTENSION = app;
			};
			name = Release;
		};
		B8B0F5031952902600BE6929 /* Debug */ = {
			isa = XCBuildConfiguration;
			buildSettings = {
				BUNDLE_LOADER = "$(BUILT_PRODUCTS_DIR)/MyPolicyCard.app/MyPolicyCard";
				FRAMEWORK_SEARCH_PATHS = (
					"$(SDKROOT)/Developer/Library/Frameworks",
					"$(inherited)",
					"$(DEVELOPER_FRAMEWORKS_DIR)",
				);
				GCC_PRECOMPILE_PREFIX_HEADER = YES;
				GCC_PREFIX_HEADER = "MyPolicyCard/MyPolicyCard-Prefix.pch";
				GCC_PREPROCESSOR_DEFINITIONS = (
					"DEBUG=1",
					"$(inherited)",
				);
				INFOPLIST_FILE = "MyPolicyCardTests/MyPolicyCardTests-Info.plist";
				PRODUCT_NAME = "$(TARGET_NAME)";
				TEST_HOST = "$(BUNDLE_LOADER)";
				WRAPPER_EXTENSION = xctest;
			};
			name = Debug;
		};
		B8B0F5041952902600BE6929 /* Release */ = {
			isa = XCBuildConfiguration;
			buildSettings = {
				BUNDLE_LOADER = "$(BUILT_PRODUCTS_DIR)/MyPolicyCard.app/MyPolicyCard";
				FRAMEWORK_SEARCH_PATHS = (
					"$(SDKROOT)/Developer/Library/Frameworks",
					"$(inherited)",
					"$(DEVELOPER_FRAMEWORKS_DIR)",
				);
				GCC_PRECOMPILE_PREFIX_HEADER = YES;
				GCC_PREFIX_HEADER = "MyPolicyCard/MyPolicyCard-Prefix.pch";
				INFOPLIST_FILE = "MyPolicyCardTests/MyPolicyCardTests-Info.plist";
				PRODUCT_NAME = "$(TARGET_NAME)";
				TEST_HOST = "$(BUNDLE_LOADER)";
				WRAPPER_EXTENSION = xctest;
			};
			name = Release;
		};
/* End XCBuildConfiguration section */

/* Begin XCConfigurationList section */
		B8B0F4C81952902500BE6929 /* Build configuration list for PBXProject "MyPolicyCard" */ = {
			isa = XCConfigurationList;
			buildConfigurations = (
				B8B0F4FD1952902600BE6929 /* Debug */,
				B8B0F4FE1952902600BE6929 /* Release */,
			);
			defaultConfigurationIsVisible = 0;
			defaultConfigurationName = Release;
		};
		B8B0F4FF1952902600BE6929 /* Build configuration list for PBXNativeTarget "MyPolicyCard" */ = {
			isa = XCConfigurationList;
			buildConfigurations = (
				B8B0F5001952902600BE6929 /* Debug */,
				B8B0F5011952902600BE6929 /* Release */,
			);
			defaultConfigurationIsVisible = 0;
			defaultConfigurationName = Release;
		};
		B8B0F5021952902600BE6929 /* Build configuration list for PBXNativeTarget "MyPolicyCardTests" */ = {
			isa = XCConfigurationList;
			buildConfigurations = (
				B8B0F5031952902600BE6929 /* Debug */,
				B8B0F5041952902600BE6929 /* Release */,
			);
			defaultConfigurationIsVisible = 0;
			defaultConfigurationName = Release;
		};
/* End XCConfigurationList section */
	};
	rootObject = B8B0F4C51952902500BE6929 /* Project object */;
}
